// !$*UTF8*$!
{
	archiveVersion = 1;
	classes = {
	};
	objectVersion = 46;
	objects = {

/* Begin PBXBuildFile section */
		108EC94E02B282A70F64ACDF /* Pods_GooglePlusUsingCocoapods.framework in Frameworks */ = {isa = PBXBuildFile; fileRef = 73E13E7D1A5E857FFFA0DE91 /* Pods_GooglePlusUsingCocoapods.framework */; settings = {ATTRIBUTES = (Required, ); }; };
		82A140FA1E8635F4002999B2 /* AppDelegate.swift in Sources */ = {isa = PBXBuildFile; fileRef = 82A140F91E8635F4002999B2 /* AppDelegate.swift */; };
		82A140FC1E8635F4002999B2 /* ViewController.swift in Sources */ = {isa = PBXBuildFile; fileRef = 82A140FB1E8635F4002999B2 /* ViewController.swift */; };
		82A140FF1E8635F4002999B2 /* Main.storyboard in Resources */ = {isa = PBXBuildFile; fileRef = 82A140FD1E8635F4002999B2 /* Main.storyboard */; };
		82A141011E8635F4002999B2 /* Assets.xcassets in Resources */ = {isa = PBXBuildFile; fileRef = 82A141001E8635F4002999B2 /* Assets.xcassets */; };
		82A141041E8635F4002999B2 /* LaunchScreen.storyboard in Resources */ = {isa = PBXBuildFile; fileRef = 82A141021E8635F4002999B2 /* LaunchScreen.storyboard */; };
		82A1410C1E866ECD002999B2 /* SafariServices.framework in Frameworks */ = {isa = PBXBuildFile; fileRef = 82A1410B1E866ECD002999B2 /* SafariServices.framework */; };
		82A1410E1E866ED3002999B2 /* SystemConfiguration.framework in Frameworks */ = {isa = PBXBuildFile; fileRef = 82A1410D1E866ED3002999B2 /* SystemConfiguration.framework */; };
		82A141101E8678C8002999B2 /* GoogleService-Info.plist in Resources */ = {isa = PBXBuildFile; fileRef = 82A1410F1E8678C8002999B2 /* GoogleService-Info.plist */; };
/* End PBXBuildFile section */

/* Begin PBXFileReference section */
		73E13E7D1A5E857FFFA0DE91 /* Pods_GooglePlusUsingCocoapods.framework */ = {isa = PBXFileReference; explicitFileType = wrapper.framework; includeInIndex = 0; path = Pods_GooglePlusUsingCocoapods.framework; sourceTree = BUILT_PRODUCTS_DIR; };
		82A140F61E8635F4002999B2 /* GooglePlusUsingCocoapods.app */ = {isa = PBXFileReference; explicitFileType = wrapper.application; includeInIndex = 0; path = GooglePlusUsingCocoapods.app; sourceTree = BUILT_PRODUCTS_DIR; };
		82A140F91E8635F4002999B2 /* AppDelegate.swift */ = {isa = PBXFileReference; lastKnownFileType = sourcecode.swift; path = AppDelegate.swift; sourceTree = "<group>"; };
		82A140FB1E8635F4002999B2 /* ViewController.swift */ = {isa = PBXFileReference; lastKnownFileType = sourcecode.swift; path = ViewController.swift; sourceTree = "<group>"; };
		82A140FE1E8635F4002999B2 /* Base */ = {isa = PBXFileReference; lastKnownFileType = file.storyboard; name = Base; path = Base.lproj/Main.storyboard; sourceTree = "<group>"; };
		82A141001E8635F4002999B2 /* Assets.xcassets */ = {isa = PBXFileReference; lastKnownFileType = folder.assetcatalog; path = Assets.xcassets; sourceTree = "<group>"; };
		82A141031E8635F4002999B2 /* Base */ = {isa = PBXFileReference; lastKnownFileType = file.storyboard; name = Base; path = Base.lproj/LaunchScreen.storyboard; sourceTree = "<group>"; };
		82A141051E8635F4002999B2 /* Info.plist */ = {isa = PBXFileReference; lastKnownFileType = text.plist.xml; path = Info.plist; sourceTree = "<group>"; };
		82A1410B1E866ECD002999B2 /* SafariServices.framework */ = {isa = PBXFileReference; lastKnownFileType = wrapper.framework; name = SafariServices.framework; path = System/Library/Frameworks/SafariServices.framework; sourceTree = SDKROOT; };
		82A1410D1E866ED3002999B2 /* SystemConfiguration.framework */ = {isa = PBXFileReference; lastKnownFileType = wrapper.framework; name = SystemConfiguration.framework; path = System/Library/Frameworks/SystemConfiguration.framework; sourceTree = SDKROOT; };
		82A1410F1E8678C8002999B2 /* GoogleService-Info.plist */ = {isa = PBXFileReference; fileEncoding = 4; lastKnownFileType = text.plist.xml; name = "GoogleService-Info.plist"; path = "GooglePlusUsingCocoapods/GoogleService-Info.plist"; sourceTree = "<group>"; };
		A44CFD7F5C527B6FF08F3A32 /* Pods-GooglePlusUsingCocoapods.debug.xcconfig */ = {isa = PBXFileReference; includeInIndex = 1; lastKnownFileType = text.xcconfig; name = "Pods-GooglePlusUsingCocoapods.debug.xcconfig"; path = "Pods/Target Support Files/Pods-GooglePlusUsingCocoapods/Pods-GooglePlusUsingCocoapods.debug.xcconfig"; sourceTree = "<group>"; };
		EA6A608017BF3F606B2C1009 /* Pods-GooglePlusUsingCocoapods.release.xcconfig */ = {isa = PBXFileReference; includeInIndex = 1; lastKnownFileType = text.xcconfig; name = "Pods-GooglePlusUsingCocoapods.release.xcconfig"; path = "Pods/Target Support Files/Pods-GooglePlusUsingCocoapods/Pods-GooglePlusUsingCocoapods.release.xcconfig"; sourceTree = "<group>"; };
/* End PBXFileReference section */

/* Begin PBXFrameworksBuildPhase section */
		82A140F31E8635F4002999B2 /* Frameworks */ = {
			isa = PBXFrameworksBuildPhase;
			buildActionMask = 2147483647;
			files = (
				82A1410E1E866ED3002999B2 /* SystemConfiguration.framework in Frameworks */,
				82A1410C1E866ECD002999B2 /* SafariServices.framework in Frameworks */,
				108EC94E02B282A70F64ACDF /* Pods_GooglePlusUsingCocoapods.framework in Frameworks */,
			);
			runOnlyForDeploymentPostprocessing = 0;
		};
/* End PBXFrameworksBuildPhase section */

/* Begin PBXGroup section */
		82A140ED1E8635F4002999B2 = {
			isa = PBXGroup;
			children = (
				82A1410F1E8678C8002999B2 /* GoogleService-Info.plist */,
				82A140F81E8635F4002999B2 /* GooglePlusUsingCocoapods */,
				82A140F71E8635F4002999B2 /* Products */,
				8A42F85E9E49EECCBA4616DD /* Pods */,
				E931A9CC8239C4ED5828D4DE /* Frameworks */,
			);
			sourceTree = "<group>";
		};
		82A140F71E8635F4002999B2 /* Products */ = {
			isa = PBXGroup;
			children = (
				82A140F61E8635F4002999B2 /* GooglePlusUsingCocoapods.app */,
			);
			name = Products;
			sourceTree = "<group>";
		};
		82A140F81E8635F4002999B2 /* GooglePlusUsingCocoapods */ = {
			isa = PBXGroup;
			children = (
				82A140F91E8635F4002999B2 /* AppDelegate.swift */,
				82A140FB1E8635F4002999B2 /* ViewController.swift */,
				82A140FD1E8635F4002999B2 /* Main.storyboard */,
				82A141001E8635F4002999B2 /* Assets.xcassets */,
				82A141021E8635F4002999B2 /* LaunchScreen.storyboard */,
				82A141051E8635F4002999B2 /* Info.plist */,
			);
			path = GooglePlusUsingCocoapods;
			sourceTree = "<group>";
		};
		8A42F85E9E49EECCBA4616DD /* Pods */ = {
			isa = PBXGroup;
			children = (
				A44CFD7F5C527B6FF08F3A32 /* Pods-GooglePlusUsingCocoapods.debug.xcconfig */,
				EA6A608017BF3F606B2C1009 /* Pods-GooglePlusUsingCocoapods.release.xcconfig */,
			);
			name = Pods;
			sourceTree = "<group>";
		};
		E931A9CC8239C4ED5828D4DE /* Frameworks */ = {
			isa = PBXGroup;
			children = (
				82A1410D1E866ED3002999B2 /* SystemConfiguration.framework */,
				82A1410B1E866ECD002999B2 /* SafariServices.framework */,
				73E13E7D1A5E857FFFA0DE91 /* Pods_GooglePlusUsingCocoapods.framework */,
			);
			name = Frameworks;
			sourceTree = "<group>";
		};
/* End PBXGroup section */

/* Begin PBXNativeTarget section */
		82A140F51E8635F4002999B2 /* GooglePlusUsingCocoapods */ = {
			isa = PBXNativeTarget;
			buildConfigurationList = 82A141081E8635F4002999B2 /* Build configuration list for PBXNativeTarget "GooglePlusUsingCocoapods" */;
			buildPhases = (
				B41A6A9BF76FB67CAE15B2EC /* [CP] Check Pods Manifest.lock */,
				82A140F21E8635F4002999B2 /* Sources */,
				82A140F31E8635F4002999B2 /* Frameworks */,
				82A140F41E8635F4002999B2 /* Resources */,
				912D78A504268DFC070F8F11 /* [CP] Embed Pods Frameworks */,
				614166D1D5C04255331D1E5C /* [CP] Copy Pods Resources */,
			);
			buildRules = (
			);
			dependencies = (
			);
			name = GooglePlusUsingCocoapods;
			productName = GooglePlusUsingCocoapods;
			productReference = 82A140F61E8635F4002999B2 /* GooglePlusUsingCocoapods.app */;
			productType = "com.apple.product-type.application";
		};
/* End PBXNativeTarget section */

/* Begin PBXProject section */
		82A140EE1E8635F4002999B2 /* Project object */ = {
			isa = PBXProject;
			attributes = {
				LastSwiftUpdateCheck = 0820;
				LastUpgradeCheck = 0820;
				ORGANIZATIONNAME = "Pushpam Group";
				TargetAttributes = {
					82A140F51E8635F4002999B2 = {
						CreatedOnToolsVersion = 8.2;
						DevelopmentTeam = WXUVRBQDNB;
						ProvisioningStyle = Manual;
					};
				};
			};
			buildConfigurationList = 82A140F11E8635F4002999B2 /* Build configuration list for PBXProject "GooglePlusUsingCocoapods" */;
			compatibilityVersion = "Xcode 3.2";
			developmentRegion = English;
			hasScannedForEncodings = 0;
			knownRegions = (
				en,
				Base,
			);
			mainGroup = 82A140ED1E8635F4002999B2;
			productRefGroup = 82A140F71E8635F4002999B2 /* Products */;
			projectDirPath = "";
			projectRoot = "";
			targets = (
				82A140F51E8635F4002999B2 /* GooglePlusUsingCocoapods */,
			);
		};
/* End PBXProject section */

/* Begin PBXResourcesBuildPhase section */
		82A140F41E8635F4002999B2 /* Resources */ = {
			isa = PBXResourcesBuildPhase;
			buildActionMask = 2147483647;
			files = (
				82A141041E8635F4002999B2 /* LaunchScreen.storyboard in Resources */,
				82A141101E8678C8002999B2 /* GoogleService-Info.plist in Resources */,
				82A141011E8635F4002999B2 /* Assets.xcassets in Resources */,
				82A140FF1E8635F4002999B2 /* Main.storyboard in Resources */,
			);
			runOnlyForDeploymentPostprocessing = 0;
		};
/* End PBXResourcesBuildPhase section */

/* Begin PBXShellScriptBuildPhase section */
		614166D1D5C04255331D1E5C /* [CP] Copy Pods Resources */ = {
			isa = PBXShellScriptBuildPhase;
			buildActionMask = 2147483647;
			files = (
			);
			inputPaths = (
			);
			name = "[CP] Copy Pods Resources";
			outputPaths = (
			);
			runOnlyForDeploymentPostprocessing = 0;
			shellPath = /bin/sh;
			shellScript = "\"${SRCROOT}/Pods/Target Support Files/Pods-GooglePlusUsingCocoapods/Pods-GooglePlusUsingCocoapods-resources.sh\"\n";
			showEnvVarsInLog = 0;
		};
		912D78A504268DFC070F8F11 /* [CP] Embed Pods Frameworks */ = {
			isa = PBXShellScriptBuildPhase;
			buildActionMask = 2147483647;
			files = (
			);
			inputPaths = (
			);
			name = "[CP] Embed Pods Frameworks";
			outputPaths = (
			);
			runOnlyForDeploymentPostprocessing = 0;
			shellPath = /bin/sh;
			shellScript = "\"${SRCROOT}/Pods/Target Support Files/Pods-GooglePlusUsingCocoapods/Pods-GooglePlusUsingCocoapods-frameworks.sh\"\n";
			showEnvVarsInLog = 0;
		};
		B41A6A9BF76FB67CAE15B2EC /* [CP] Check Pods Manifest.lock */ = {
			isa = PBXShellScriptBuildPhase;
			buildActionMask = 2147483647;
			files = (
			);
			inputPaths = (
			);
			name = "[CP] Check Pods Manifest.lock";
			outputPaths = (
			);
			runOnlyForDeploymentPostprocessing = 0;
			shellPath = /bin/sh;
			shellScript = "diff \"${PODS_PODFILE_DIR_PATH}/Podfile.lock\" \"${PODS_ROOT}/Manifest.lock\" > /dev/null\nif [ $? != 0 ] ; then\n    # print error to STDERR\n    echo \"error: The sandbox is not in sync with the Podfile.lock. Run 'pod install' or update your CocoaPods installation.\" >&2\n    exit 1\nfi\n";
			showEnvVarsInLog = 0;
		};
/* End PBXShellScriptBuildPhase section */

/* Begin PBXSourcesBuildPhase section */
		82A140F21E8635F4002999B2 /* Sources */ = {
			isa = PBXSourcesBuildPhase;
			buildActionMask = 2147483647;
			files = (
				82A140FC1E8635F4002999B2 /* ViewController.swift in Sources */,
				82A140FA1E8635F4002999B2 /* AppDelegate.swift in Sources */,
			);
			runOnlyForDeploymentPostprocessing = 0;
		};
/* End PBXSourcesBuildPhase section */

/* Begin PBXVariantGroup section */
		82A140FD1E8635F4002999B2 /* Main.storyboard */ = {
			isa = PBXVariantGroup;
			children = (
				82A140FE1E8635F4002999B2 /* Base */,
			);
			name = Main.storyboard;
			sourceTree = "<group>";
		};
		82A141021E8635F4002999B2 /* LaunchScreen.storyboard */ = {
			isa = PBXVariantGroup;
			children = (
				82A141031E8635F4002999B2 /* Base */,
			);
			name = LaunchScreen.storyboard;
			sourceTree = "<group>";
		};
/* End PBXVariantGroup section */

/* Begin XCBuildConfiguration section */
		82A141061E8635F4002999B2 /* Debug */ = {
			isa = XCBuildConfiguration;
			buildSettings = {
				ALWAYS_SEARCH_USER_PATHS = NO;
				CLANG_ANALYZER_NONNULL = YES;
				CLANG_CXX_LANGUAGE_STANDARD = "gnu++0x";
				CLANG_CXX_LIBRARY = "libc++";
				CLANG_ENABLE_MODULES = YES;
				CLANG_ENABLE_OBJC_ARC = YES;
				CLANG_WARN_BOOL_CONVERSION = YES;
				CLANG_WARN_CONSTANT_CONVERSION = YES;
				CLANG_WARN_DIRECT_OBJC_ISA_USAGE = YES_ERROR;
				CLANG_WARN_DOCUMENTATION_COMMENTS = YES;
				CLANG_WARN_EMPTY_BODY = YES;
				CLANG_WARN_ENUM_CONVERSION = YES;
				CLANG_WARN_INFINITE_RECURSION = YES;
				CLANG_WARN_INT_CONVERSION = YES;
				CLANG_WARN_OBJC_ROOT_CLASS = YES_ERROR;
				CLANG_WARN_SUSPICIOUS_MOVE = YES;
				CLANG_WARN_UNREACHABLE_CODE = YES;
				CLANG_WARN__DUPLICATE_METHOD_MATCH = YES;
				"CODE_SIGN_IDENTITY[sdk=iphoneos*]" = "iPhone Developer";
				COPY_PHASE_STRIP = NO;
				DEBUG_INFORMATION_FORMAT = dwarf;
				ENABLE_STRICT_OBJC_MSGSEND = YES;
				ENABLE_TESTABILITY = YES;
				GCC_C_LANGUAGE_STANDARD = gnu99;
				GCC_DYNAMIC_NO_PIC = NO;
				GCC_NO_COMMON_BLOCKS = YES;
				GCC_OPTIMIZATION_LEVEL = 0;
				GCC_PREPROCESSOR_DEFINITIONS = (
					"DEBUG=1",
					"$(inherited)",
				);
				GCC_WARN_64_TO_32_BIT_CONVERSION = YES;
				GCC_WARN_ABOUT_RETURN_TYPE = YES_ERROR;
				GCC_WARN_UNDECLARED_SELECTOR = YES;
				GCC_WARN_UNINITIALIZED_AUTOS = YES_AGGRESSIVE;
				GCC_WARN_UNUSED_FUNCTION = YES;
				GCC_WARN_UNUSED_VARIABLE = YES;
				IPHONEOS_DEPLOYMENT_TARGET = 10.2;
				MTL_ENABLE_DEBUG_INFO = YES;
				ONLY_ACTIVE_ARCH = YES;
				SDKROOT = iphoneos;
				SWIFT_ACTIVE_COMPILATION_CONDITIONS = DEBUG;
				SWIFT_OPTIMIZATION_LEVEL = "-Onone";
			};
			name = Debug;
		};
		82A141071E8635F4002999B2 /* Release */ = {
			isa = XCBuildConfiguration;
			buildSettings = {
				ALWAYS_SEARCH_USER_PATHS = NO;
				CLANG_ANALYZER_NONNULL = YES;
				CLANG_CXX_LANGUAGE_STANDARD = "gnu++0x";
				CLANG_CXX_LIBRARY = "libc++";
				CLANG_ENABLE_MODULES = YES;
				CLANG_ENABLE_OBJC_ARC = YES;
				CLANG_WARN_BOOL_CONVERSION = YES;
				CLANG_WARN_CONSTANT_CONVERSION = YES;
				CLANG_WARN_DIRECT_OBJC_ISA_USAGE = YES_ERROR;
				CLANG_WARN_DOCUMENTATION_COMMENTS = YES;
				CLANG_WARN_EMPTY_BODY = YES;
				CLANG_WARN_ENUM_CONVERSION = YES;
				CLANG_WARN_INFINITE_RECURSION = YES;
				CLANG_WARN_INT_CONVERSION = YES;
				CLANG_WARN_OBJC_ROOT_CLASS = YES_ERROR;
				CLANG_WARN_SUSPICIOUS_MOVE = YES;
				CLANG_WARN_UNREACHABLE_CODE = YES;
				CLANG_WARN__DUPLICATE_METHOD_MATCH = YES;
				"CODE_SIGN_IDENTITY[sdk=iphoneos*]" = "iPhone Developer";
				COPY_PHASE_STRIP = NO;
				DEBUG_INFORMATION_FORMAT = "dwarf-with-dsym";
				ENABLE_NS_ASSERTIONS = NO;
				ENABLE_STRICT_OBJC_MSGSEND = YES;
				GCC_C_LANGUAGE_STANDARD = gnu99;
				GCC_NO_COMMON_BLOCKS = YES;
				GCC_WARN_64_TO_32_BIT_CONVERSION = YES;
				GCC_WARN_ABOUT_RETURN_TYPE = YES_ERROR;
				GCC_WARN_UNDECLARED_SELECTOR = YES;
				GCC_WARN_UNINITIALIZED_AUTOS = YES_AGGRESSIVE;
				GCC_WARN_UNUSED_FUNCTION = YES;
				GCC_WARN_UNUSED_VARIABLE = YES;
				IPHONEOS_DEPLOYMENT_TARGET = 10.2;
				MTL_ENABLE_DEBUG_INFO = NO;
				SDKROOT = iphoneos;
				SWIFT_OPTIMIZATION_LEVEL = "-Owholemodule";
				VALIDATE_PRODUCT = YES;
			};
			name = Release;
		};
		82A141091E8635F4002999B2 /* Debug */ = {
			isa = XCBuildConfiguration;
			baseConfigurationReference = A44CFD7F5C527B6FF08F3A32 /* Pods-GooglePlusUsingCocoapods.debug.xcconfig */;
			buildSettings = {
				ASSETCATALOG_COMPILER_APPICON_NAME = AppIcon;
				CODE_SIGN_STYLE = Manual;
				DEVELOPMENT_TEAM = WXUVRBQDNB;
				INFOPLIST_FILE = GooglePlusUsingCocoapods/Info.plist;
				LD_RUNPATH_SEARCH_PATHS = "$(inherited) @executable_path/Frameworks";
				PRODUCT_BUNDLE_IDENTIFIER = sample.sodio.SampleAPNS;
				PRODUCT_NAME = "$(TARGET_NAME)";
				PROVISIONING_PROFILE = "eb333e69-d7eb-4ddb-ada3-aa8042003025";
				PROVISIONING_PROFILE_SPECIFIER = SampleAPNS_dev;
				SWIFT_VERSION = 3.0;
			};
			name = Debug;
		};
		82A1410A1E8635F4002999B2 /* Release */ = {
			isa = XCBuildConfiguration;
			baseConfigurationReference = EA6A608017BF3F606B2C1009 /* Pods-GooglePlusUsingCocoapods.release.xcconfig */;
			buildSettings = {
				ASSETCATALOG_COMPILER_APPICON_NAME = AppIcon;
				CODE_SIGN_STYLE = Manual;
				DEVELOPMENT_TEAM = "";
				INFOPLIST_FILE = GooglePlusUsingCocoapods/Info.plist;
				LD_RUNPATH_SEARCH_PATHS = "$(inherited) @executable_path/Frameworks";
				PRODUCT_BUNDLE_IDENTIFIER = sample.sodio.SampleAPNS;
				PRODUCT_NAME = "$(TARGET_NAME)";
				PROVISIONING_PROFILE_SPECIFIER = "";
				SWIFT_VERSION = 3.0;
			};
			name = Release;
		};
/* End XCBuildConfiguration section */

/* Begin XCConfigurationList section */
		82A140F11E8635F4002999B2 /* Build configuration list for PBXProject "GooglePlusUsingCocoapods" */ = {
			isa = XCConfigurationList;
			buildConfigurations = (
				82A141061E8635F4002999B2 /* Debug */,
				82A141071E8635F4002999B2 /* Release */,
			);
			defaultConfigurationIsVisible = 0;
			defaultConfigurationName = Release;
		};
		82A141081E8635F4002999B2 /* Build configuration list for PBXNativeTarget "GooglePlusUsingCocoapods" */ = {
			isa = XCConfigurationList;
			buildConfigurations = (
				82A141091E8635F4002999B2 /* Debug */,
				82A1410A1E8635F4002999B2 /* Release */,
			);
			defaultConfigurationIsVisible = 0;
			defaultConfigurationName = Release;
		};
/* End XCConfigurationList section */
	};
	rootObject = 82A140EE1E8635F4002999B2 /* Project object */;
}
